
Microsoft Visual Studio Solution File, Format Version 12.00
# Visual Studio Version 17
VisualStudioVersion = 17.14.36717.8 d17.14
MinimumVisualStudioVersion = 10.0.40219.1
Project("{2150E333-8FDC-42A3-9474-1A3956D46DE8}") = "Task0", "Task0", "{02EA681E-C7D8-13C7-8484-4AC65E1B71E8}"
EndProject
Project("{FAE04EC0-301F-11D3-BF4B-00C04F79EFBC}") = "Tyuiu.Ahmadi3.Sprint5.Task0.V22", "Tyuiu.Ahmadi3.Sprint5.Task0.V22\Tyuiu.Ahmadi3.Sprint5.Task0.V22.csproj", "{079E6D2B-F034-4340-9DFD-AF6282482FB3}"
EndProject
Project("{FAE04EC0-301F-11D3-BF4B-00C04F79EFBC}") = "Tyuiu.Ahmadi3.Sprint5.Task0.V22.Lib", "Tyuiu.Ahmadi3.Sprint5.Task0.V22.Lib\Tyuiu.Ahmadi3.Sprint5.Task0.V22.Lib.csproj", "{E7258B35-0D19-4868-ADD2-A0E664C50794}"
EndProject
Project("{FAE04EC0-301F-11D3-BF4B-00C04F79EFBC}") = "Tyuiu.Ahmadi3.Sprint5.Task0.V22.Test", "Tyuiu.Ahmadi3.Sprint5.Task0.V22.Test\Tyuiu.Ahmadi3.Sprint5.Task0.V22.Test.csproj", "{4241D909-49F7-415F-986D-110412D04DCB}"
EndProject
Global
	GlobalSection(SolutionConfigurationPlatforms) = preSolution
		Debug|Any CPU = Debug|Any CPU
		Release|Any CPU = Release|Any CPU
	EndGlobalSection
	GlobalSection(ProjectConfigurationPlatforms) = postSolution
		{079E6D2B-F034-4340-9DFD-AF6282482FB3}.Debug|Any CPU.ActiveCfg = Debug|Any CPU
		{079E6D2B-F034-4340-9DFD-AF6282482FB3}.Debug|Any CPU.Build.0 = Debug|Any CPU
		{079E6D2B-F034-4340-9DFD-AF6282482FB3}.Release|Any CPU.ActiveCfg = Release|Any CPU
		{079E6D2B-F034-4340-9DFD-AF6282482FB3}.Release|Any CPU.Build.0 = Release|Any CPU
		{E7258B35-0D19-4868-ADD2-A0E664C50794}.Debug|Any CPU.ActiveCfg = Debug|Any CPU
		{E7258B35-0D19-4868-ADD2-A0E664C50794}.Debug|Any CPU.Build.0 = Debug|Any CPU
		{E7258B35-0D19-4868-ADD2-A0E664C50794}.Release|Any CPU.ActiveCfg = Release|Any CPU
		{E7258B35-0D19-4868-ADD2-A0E664C50794}.Release|Any CPU.Build.0 = Release|Any CPU
		{4241D909-49F7-415F-986D-110412D04DCB}.Debug|Any CPU.ActiveCfg = Debug|Any CPU
		{4241D909-49F7-415F-986D-110412D04DCB}.Debug|Any CPU.Build.0 = Debug|Any CPU
		{4241D909-49F7-415F-986D-110412D04DCB}.Release|Any CPU.ActiveCfg = Release|Any CPU
		{4241D909-49F7-415F-986D-110412D04DCB}.Release|Any CPU.Build.0 = Release|Any CPU
	EndGlobalSection
	GlobalSection(SolutionProperties) = preSolution
		HideSolutionNode = FALSE
	EndGlobalSection
	GlobalSection(NestedProjects) = preSolution
		{079E6D2B-F034-4340-9DFD-AF6282482FB3} = {02EA681E-C7D8-13C7-8484-4AC65E1B71E8}
		{E7258B35-0D19-4868-ADD2-A0E664C50794} = {02EA681E-C7D8-13C7-8484-4AC65E1B71E8}
		{4241D909-49F7-415F-986D-110412D04DCB} = {02EA681E-C7D8-13C7-8484-4AC65E1B71E8}
	EndGlobalSection
	GlobalSection(ExtensibilityGlobals) = postSolution
		SolutionGuid = {04667C72-A498-422E-8DB8-4FC393C1804E}
	EndGlobalSection
EndGlobal
